<?xml version="1.0" encoding="utf-8"?>
<Project ToolsVersion="4.0" xmlns="http://schemas.microsoft.com/developer/msbuild/2003">
  <ItemGroup>
    <Filter Include="ソース ファイル">
      <UniqueIdentifier>{4FC737F1-C7A5-4376-A066-2A32D752A2FF}</UniqueIdentifier>
      <Extensions>cpp;c;cc;cxx;def;odl;idl;hpj;bat;asm;asmx</Extensions>
    </Filter>
    <Filter Include="ヘッダー ファイル">
      <UniqueIdentifier>{93995380-89BD-4b04-88EB-625FBE52EBFB}</UniqueIdentifier>
      <Extensions>h;hh;hpp;hxx;hm;inl;inc;ipp;xsd</Extensions>
    </Filter>
    <Filter Include="リソース ファイル">
      <UniqueIdentifier>{67DA6AB6-F800-4c08-8B7A-83BB121AAD01}</UniqueIdentifier>
      <Extensions>rc;ico;cur;bmp;dlg;rc2;rct;bin;rgs;gif;jpg;jpeg;jpe;resx;tiff;tif;png;wav;mfcribbon-ms</Extensions>
    </Filter>
    <Filter Include="ソース ファイル\タイトル画面">
      <UniqueIdentifier>{744f6f60-f40c-4ca2-9ca9-9b2eca12f044}</UniqueIdentifier>
    </Filter>
    <Filter Include="ソース ファイル\主人公キャラ">
      <UniqueIdentifier>{f068dd14-03cb-4146-9394-f7d543e1df3b}</UniqueIdentifier>
    </Filter>
    <Filter Include="ソース ファイル\ゲームメイン">
      <UniqueIdentifier>{4dc81af4-1e78-4f52-898f-c82f64ab39e4}</UniqueIdentifier>
    </Filter>
    <Filter Include="ソース ファイル\関数ソースファイル">
      <UniqueIdentifier>{f58a9167-0315-418d-8b01-ec8d592417cb}</UniqueIdentifier>
    </Filter>
    <Filter Include="ソース ファイル\ゲームオーバー">
      <UniqueIdentifier>{41677a6e-d4a5-421c-8d2a-65dd761636b1}</UniqueIdentifier>
    </Filter>
    <Filter Include="ソース ファイル\ゲームクリア">
      <UniqueIdentifier>{241e7593-3183-42ed-add4-19640a610ffc}</UniqueIdentifier>
    </Filter>
    <Filter Include="ソース ファイル\ゲームUI">
      <UniqueIdentifier>{de6518a5-3f1b-4b20-ae70-b16d89e481e2}</UniqueIdentifier>
    </Filter>
  </ItemGroup>
  <ItemGroup>
    <ClCompile Include="GameL\Audio.cpp">
      <Filter>リソース ファイル</Filter>
    </ClCompile>
    <ClCompile Include="GameL\DirectXDevice.cpp">
      <Filter>リソース ファイル</Filter>
    </ClCompile>
    <ClCompile Include="GameL\Draw2DTex_Source.cpp">
      <Filter>リソース ファイル</Filter>
    </ClCompile>
    <ClCompile Include="GameL\DrawFont.cpp">
      <Filter>リソース ファイル</Filter>
    </ClCompile>
    <ClCompile Include="GameL\DrawTexture.cpp">
      <Filter>リソース ファイル</Filter>
    </ClCompile>
    <ClCompile Include="GameL\GameL_Main.cpp">
      <Filter>リソース ファイル</Filter>
    </ClCompile>
    <ClCompile Include="GameL\HitBoxManager.cpp">
      <Filter>リソース ファイル</Filter>
    </ClCompile>
    <ClCompile Include="GameL\MultiThread.cpp">
      <Filter>リソース ファイル</Filter>
    </ClCompile>
    <ClCompile Include="GameL\SceneManager.cpp">
      <Filter>リソース ファイル</Filter>
    </ClCompile>
    <ClCompile Include="GameL\SceneObjManager.cpp">
      <Filter>リソース ファイル</Filter>
    </ClCompile>
    <ClCompile Include="GameL\SetWindow.cpp">
      <Filter>リソース ファイル</Filter>
    </ClCompile>
    <ClCompile Include="GameL\UserData.cpp">
      <Filter>リソース ファイル</Filter>
    </ClCompile>
    <ClCompile Include="GameL\WinInputs.cpp">
      <Filter>リソース ファイル</Filter>
    </ClCompile>
    <ClCompile Include="ObjTitle.cpp">
      <Filter>ソース ファイル\タイトル画面</Filter>
    </ClCompile>
    <ClCompile Include="SceneTitle.cpp">
      <Filter>ソース ファイル\タイトル画面</Filter>
    </ClCompile>
    <ClCompile Include="ObjHero.cpp">
      <Filter>ソース ファイル\主人公キャラ</Filter>
    </ClCompile>
    <ClCompile Include="ObjClickTitle.cpp">
      <Filter>ソース ファイル\タイトル画面</Filter>
    </ClCompile>
    <ClCompile Include="SceneMain.cpp">
      <Filter>ソース ファイル\ゲームメイン</Filter>
    </ClCompile>
    <ClCompile Include="ObjMain.cpp">
      <Filter>ソース ファイル\ゲームメイン</Filter>
    </ClCompile>
    <ClCompile Include="Source.cpp">
      <Filter>ソース ファイル</Filter>
    </ClCompile>
    <ClCompile Include="UtilityModule.cpp">
      <Filter>ソース ファイル\関数ソースファイル</Filter>
    </ClCompile>
    <ClCompile Include="SceneGameOver.cpp">
      <Filter>ソース ファイル\ゲームオーバー</Filter>
    </ClCompile>
    <ClCompile Include="ObjGameOver.cpp">
      <Filter>ソース ファイル\ゲームオーバー</Filter>
    </ClCompile>
    <ClCompile Include="GameUI.cpp">
      <Filter>ソース ファイル</Filter>
    </ClCompile>
    <ClCompile Include="ObjGameClear.cpp">
      <Filter>ソース ファイル\ゲームクリア</Filter>
    </ClCompile>
    <ClCompile Include="SceneGameClear.cpp">
      <Filter>ソース ファイル\ゲームクリア</Filter>
    </ClCompile>
  </ItemGroup>
  <ItemGroup>
    <ClInclude Include="GameL\Audio.h">
      <Filter>リソース ファイル</Filter>
    </ClInclude>
    <ClInclude Include="GameL\DirectXDevice.h">
      <Filter>リソース ファイル</Filter>
    </ClInclude>
    <ClInclude Include="GameL\DrawFont.h">
      <Filter>リソース ファイル</Filter>
    </ClInclude>
    <ClInclude Include="GameL\DrawTexture.h">
      <Filter>リソース ファイル</Filter>
    </ClInclude>
    <ClInclude Include="GameL\HitBoxManager.h">
      <Filter>リソース ファイル</Filter>
    </ClInclude>
    <ClInclude Include="GameL\MultiThread.h">
      <Filter>リソース ファイル</Filter>
    </ClInclude>
    <ClInclude Include="GameL\SceneManager.h">
      <Filter>リソース ファイル</Filter>
    </ClInclude>
    <ClInclude Include="GameL\SceneObjManager.h">
      <Filter>リソース ファイル</Filter>
    </ClInclude>
    <ClInclude Include="GameL\SetWindow.h">
      <Filter>リソース ファイル</Filter>
    </ClInclude>
    <ClInclude Include="GameL\UserData.h">
      <Filter>リソース ファイル</Filter>
    </ClInclude>
    <ClInclude Include="GameL\WinInputs.h">
      <Filter>リソース ファイル</Filter>
    </ClInclude>
    <ClInclude Include="GameHead.h">
      <Filter>ヘッダー ファイル</Filter>
    </ClInclude>
    <ClInclude Include="main.h">
      <Filter>ヘッダー ファイル</Filter>
    </ClInclude>
    <ClInclude Include="ObjTitle.h">
      <Filter>ソース ファイル\タイトル画面</Filter>
    </ClInclude>
    <ClInclude Include="SceneTitle.h">
      <Filter>ソース ファイル\タイトル画面</Filter>
    </ClInclude>
    <ClInclude Include="ObjHero.h">
      <Filter>ソース ファイル\主人公キャラ</Filter>
    </ClInclude>
    <ClInclude Include="ObjClickTitle.h">
      <Filter>ソース ファイル\タイトル画面</Filter>
    </ClInclude>
    <ClInclude Include="SceneMain.h">
      <Filter>ソース ファイル\ゲームメイン</Filter>
    </ClInclude>
    <ClInclude Include="ObjMain.h">
      <Filter>ソース ファイル\ゲームメイン</Filter>
    </ClInclude>
    <ClInclude Include="UtilityModule.h">
      <Filter>ソース ファイル\関数ソースファイル</Filter>
    </ClInclude>
    <ClInclude Include="SceneGameOver.h">
      <Filter>ソース ファイル\ゲームオーバー</Filter>
    </ClInclude>
    <ClInclude Include="ObjGameOver.h">
      <Filter>ソース ファイル\ゲームオーバー</Filter>
    </ClInclude>
  </ItemGroup>
</Project>